Microsoft Visual Studio Solution File, Format Version 11.00
# Visual Studio 2008

Project("{130D3A8F-DFA4-62BE-C3F7-8346991514DD}") = "UnityNeatSnakeVol2", "Assembly-CSharp.csproj", "{C8EBB8F3-70C6-DEB2-A615-EAB70006A964}"
EndProject
Global
	GlobalSection(SolutionConfigurationPlatforms) = preSolution
		Debug|Any CPU = Debug|Any CPU
		Release|Any CPU = Release|Any CPU
	EndGlobalSection
	GlobalSection(ProjectConfigurationPlatforms) = postSolution
		{C8EBB8F3-70C6-DEB2-A615-EAB70006A964}.Debug|Any CPU.ActiveCfg = Debug|Any CPU
		{C8EBB8F3-70C6-DEB2-A615-EAB70006A964}.Debug|Any CPU.Build.0 = Debug|Any CPU
		{C8EBB8F3-70C6-DEB2-A615-EAB70006A964}.Release|Any CPU.ActiveCfg = Release|Any CPU
		{C8EBB8F3-70C6-DEB2-A615-EAB70006A964}.Release|Any CPU.Build.0 = Release|Any CPU
	EndGlobalSection
	GlobalSection(SolutionProperties) = preSolution
		HideSolutionNode = FALSE
	EndGlobalSection
	GlobalSection(MonoDevelopProperties) = preSolution
		StartupItem = Assembly-CSharp.csproj
	EndGlobalSection
EndGlobal
